Microsoft Visual Studio Solution File, Format Version 12.00
# Visual Studio Version 17
VisualStudioVersion = 17.5.2.0
MinimumVisualStudioVersion = 10.0.40219.1
Project("{FAE04EC0-301F-11D3-BF4B-00C04F79EFBC}") = "Knitting calculator", "Knitting calculator.csproj", "{C9AEBC2B-45C4-1156-1CFE-7D69426E252D}"
EndProject
Global
	GlobalSection(SolutionConfigurationPlatforms) = preSolution
		Debug|Any CPU = Debug|Any CPU
		Release|Any CPU = Release|Any CPU
	EndGlobalSection
	GlobalSection(ProjectConfigurationPlatforms) = postSolution
		{C9AEBC2B-45C4-1156-1CFE-7D69426E252D}.Debug|Any CPU.ActiveCfg = Debug|Any CPU
		{C9AEBC2B-45C4-1156-1CFE-7D69426E252D}.Debug|Any CPU.Build.0 = Debug|Any CPU
		{C9AEBC2B-45C4-1156-1CFE-7D69426E252D}.Release|Any CPU.ActiveCfg = Release|Any CPU
		{C9AEBC2B-45C4-1156-1CFE-7D69426E252D}.Release|Any CPU.Build.0 = Release|Any CPU
	EndGlobalSection
	GlobalSection(SolutionProperties) = preSolution
		HideSolutionNode = FALSE
	EndGlobalSection
	GlobalSection(ExtensibilityGlobals) = postSolution
		SolutionGuid = {DD418BDC-43BD-4EE5-9F2C-433CE40C6111}
	EndGlobalSection
EndGlobal
